// !$*UTF8*$!
{
	archiveVersion = 1;
	classes = {
	};
	objectVersion = 48;
	objects = {

/* Begin PBXBuildFile section */
		B5B9C09A213C237A1C8DE557 /* OffersControllerSpec.swift in Sources */ = {isa = PBXBuildFile; fileRef = B5B9C7968EF874B3C1B967D2 /* OffersControllerSpec.swift */; };
		B5B9C19C24C876F1B9B4DDF9 /* main.swift in Sources */ = {isa = PBXBuildFile; fileRef = B5B9C8D6E0C3F238CFF8F365 /* main.swift */; };
		B5B9C2121E71C3A3233E49B0 /* offers.json in Resources */ = {isa = PBXBuildFile; fileRef = B5B9CBA6C790EDF169B09572 /* offers.json */; };
		B5B9C2319CC0BE3434529F61 /* OffersServiceSpec.swift in Sources */ = {isa = PBXBuildFile; fileRef = B5B9C6456907C2FE73F646F0 /* OffersServiceSpec.swift */; };
		B5B9C2BA2F8FD4CC12C94AE0 /* CoordinatorSpec.swift in Sources */ = {isa = PBXBuildFile; fileRef = B5B9C52AE2C00DFE289CC8A9 /* CoordinatorSpec.swift */; };
		B5B9C3241A9199F8B657515E /* OfferDetailViewSpec.swift in Sources */ = {isa = PBXBuildFile; fileRef = B5B9CA365527D35B55DD73CB /* OfferDetailViewSpec.swift */; };
		B5B9C42C60311A8AD8667FD0 /* DataStore.swift in Sources */ = {isa = PBXBuildFile; fileRef = B5B9CB30F84B03939F327BC7 /* DataStore.swift */; };
		B5B9C44AA0DA79EF1DC921AB /* MockDataStore.swift in Sources */ = {isa = PBXBuildFile; fileRef = B5B9C82D0C9487620D567A20 /* MockDataStore.swift */; };
		B5B9C7B767D2D072AD8A3458 /* OfferDetailControllerSpec.swift in Sources */ = {isa = PBXBuildFile; fileRef = B5B9C6F48FA216BDF9C1BF98 /* OfferDetailControllerSpec.swift */; };
		B5B9C8DB6D22EBFC5530F4CE /* MockMainCoordinator.swift in Sources */ = {isa = PBXBuildFile; fileRef = B5B9CB841C2AA8615CB16BFB /* MockMainCoordinator.swift */; };
		B5B9CA9C3CC6F5E89F866E73 /* OffersController.swift in Sources */ = {isa = PBXBuildFile; fileRef = B5B9CF4A1FCE6A9908EAC7FD /* OffersController.swift */; };
		B5B9CAA2647DD8FBBCF2BBBD /* TestAppDelegate.swift in Sources */ = {isa = PBXBuildFile; fileRef = B5B9CFBECC9ACDDFB4538053 /* TestAppDelegate.swift */; };
		B5B9CBBE80357D0FD460B800 /* OffersViewSpec.swift in Sources */ = {isa = PBXBuildFile; fileRef = B5B9CB52FB81BD72E3475184 /* OffersViewSpec.swift */; };
		B5B9CC9F15685D7D05149310 /* OffersService.swift in Sources */ = {isa = PBXBuildFile; fileRef = B5B9CC0B039DB1D28BC48C97 /* OffersService.swift */; };
		B5B9CDB2A73E1375EE65FA79 /* MockSelectableDelegate.swift in Sources */ = {isa = PBXBuildFile; fileRef = B5B9CFF13CFC33E800BF1072 /* MockSelectableDelegate.swift */; };
		B5B9CE1B24ED9B54DCCC06BA /* MockFavoritable.swift in Sources */ = {isa = PBXBuildFile; fileRef = B5B9C85F572EB31A21282B63 /* MockFavoritable.swift */; };
		B5B9CF490D357A336B5F6020 /* MockOffersService.swift in Sources */ = {isa = PBXBuildFile; fileRef = B5B9C1C04236A6E926F001E3 /* MockOffersService.swift */; };
		B5B9CF747E23FC25FAD92657 /* MockNavigationController.swift in Sources */ = {isa = PBXBuildFile; fileRef = B5B9C0D43BC78395E83FB886 /* MockNavigationController.swift */; };
		F31196E32045CE9C00D9E2F9 /* Kingfisher.framework in Frameworks */ = {isa = PBXBuildFile; fileRef = F31196E22045CE9C00D9E2F9 /* Kingfisher.framework */; };
		F31BFF4C236EB209003A2AAE /* OfferDetailController.swift in Sources */ = {isa = PBXBuildFile; fileRef = F31BFF4B236EB209003A2AAE /* OfferDetailController.swift */; };
		F31BFF53236EB277003A2AAE /* Fonts.swift in Sources */ = {isa = PBXBuildFile; fileRef = F31BFF50236EB277003A2AAE /* Fonts.swift */; };
		F31BFF54236EB277003A2AAE /* Colors.swift in Sources */ = {isa = PBXBuildFile; fileRef = F31BFF51236EB277003A2AAE /* Colors.swift */; };
		F31BFF55236EB277003A2AAE /* Images.swift in Sources */ = {isa = PBXBuildFile; fileRef = F31BFF52236EB277003A2AAE /* Images.swift */; };
		F31BFF59236EB287003A2AAE /* OfferDetailTableViewCell.swift in Sources */ = {isa = PBXBuildFile; fileRef = F31BFF56236EB287003A2AAE /* OfferDetailTableViewCell.swift */; };
		F31BFF5A236EB287003A2AAE /* OffersCollectionViewCell.swift in Sources */ = {isa = PBXBuildFile; fileRef = F31BFF57236EB287003A2AAE /* OffersCollectionViewCell.swift */; };
		F31BFF5B236EB287003A2AAE /* OfferDetailHeaderView.swift in Sources */ = {isa = PBXBuildFile; fileRef = F31BFF58236EB287003A2AAE /* OfferDetailHeaderView.swift */; };
		F31BFF63236EB322003A2AAE /* OfferDetailView.swift in Sources */ = {isa = PBXBuildFile; fileRef = F31BFF61236EB322003A2AAE /* OfferDetailView.swift */; };
		F31BFF64236EB322003A2AAE /* OffersView.swift in Sources */ = {isa = PBXBuildFile; fileRef = F31BFF62236EB322003A2AAE /* OffersView.swift */; };
		F31BFF67236EB346003A2AAE /* Offer.swift in Sources */ = {isa = PBXBuildFile; fileRef = F31BFF66236EB346003A2AAE /* Offer.swift */; };
		F31BFF6B236EB363003A2AAE /* MainCoordinator.swift in Sources */ = {isa = PBXBuildFile; fileRef = F31BFF69236EB363003A2AAE /* MainCoordinator.swift */; };
		F31BFF6C236EB363003A2AAE /* Coordinator.swift in Sources */ = {isa = PBXBuildFile; fileRef = F31BFF6A236EB363003A2AAE /* Coordinator.swift */; };
		F38458C320250143003C32FF /* Quick.framework in Frameworks */ = {isa = PBXBuildFile; fileRef = F38458C120250143003C32FF /* Quick.framework */; };
		F39F3AC32022E722004286C6 /* AppDelegate.swift in Sources */ = {isa = PBXBuildFile; fileRef = F39F3AC22022E722004286C6 /* AppDelegate.swift */; };
		F39F3ACA2022E722004286C6 /* Assets.xcassets in Resources */ = {isa = PBXBuildFile; fileRef = F39F3AC92022E722004286C6 /* Assets.xcassets */; };
		F39F3ACD2022E722004286C6 /* LaunchScreen.storyboard in Resources */ = {isa = PBXBuildFile; fileRef = F39F3ACB2022E722004286C6 /* LaunchScreen.storyboard */; };
		F39F3AE32022E722004286C6 /* OffersUITests.swift in Sources */ = {isa = PBXBuildFile; fileRef = F39F3AE22022E722004286C6 /* OffersUITests.swift */; };
		F3EA06062024FCEC00D786CF /* SnapKit.framework in Frameworks */ = {isa = PBXBuildFile; fileRef = F3EA06042024FCEC00D786CF /* SnapKit.framework */; };
/* End PBXBuildFile section */

/* Begin PBXContainerItemProxy section */
		F39F3AD42022E722004286C6 /* PBXContainerItemProxy */ = {
			isa = PBXContainerItemProxy;
			containerPortal = F39F3AB72022E722004286C6 /* Project object */;
			proxyType = 1;
			remoteGlobalIDString = F39F3ABE2022E722004286C6;
			remoteInfo = Offers;
		};
		F39F3ADF2022E722004286C6 /* PBXContainerItemProxy */ = {
			isa = PBXContainerItemProxy;
			containerPortal = F39F3AB72022E722004286C6 /* Project object */;
			proxyType = 1;
			remoteGlobalIDString = F39F3ABE2022E722004286C6;
			remoteInfo = Offers;
		};
/* End PBXContainerItemProxy section */

/* Begin PBXFileReference section */
		B5B9C0D43BC78395E83FB886 /* MockNavigationController.swift */ = {isa = PBXFileReference; fileEncoding = 4; lastKnownFileType = sourcecode.swift; path = MockNavigationController.swift; sourceTree = "<group>"; };
		B5B9C118FFF1DB7D2CE19436 /* OffersCollectionViewCell.swift */ = {isa = PBXFileReference; fileEncoding = 4; lastKnownFileType = sourcecode.swift; path = OffersCollectionViewCell.swift; sourceTree = "<group>"; };
		B5B9C1C04236A6E926F001E3 /* MockOffersService.swift */ = {isa = PBXFileReference; fileEncoding = 4; lastKnownFileType = sourcecode.swift; path = MockOffersService.swift; sourceTree = "<group>"; };
		B5B9C52AE2C00DFE289CC8A9 /* CoordinatorSpec.swift */ = {isa = PBXFileReference; fileEncoding = 4; lastKnownFileType = sourcecode.swift; path = CoordinatorSpec.swift; sourceTree = "<group>"; };
		B5B9C6456907C2FE73F646F0 /* OffersServiceSpec.swift */ = {isa = PBXFileReference; fileEncoding = 4; lastKnownFileType = sourcecode.swift; path = OffersServiceSpec.swift; sourceTree = "<group>"; };
		B5B9C6F48FA216BDF9C1BF98 /* OfferDetailControllerSpec.swift */ = {isa = PBXFileReference; fileEncoding = 4; lastKnownFileType = sourcecode.swift; path = OfferDetailControllerSpec.swift; sourceTree = "<group>"; };
		B5B9C7968EF874B3C1B967D2 /* OffersControllerSpec.swift */ = {isa = PBXFileReference; fileEncoding = 4; lastKnownFileType = sourcecode.swift; path = OffersControllerSpec.swift; sourceTree = "<group>"; };
		B5B9C82D0C9487620D567A20 /* MockDataStore.swift */ = {isa = PBXFileReference; fileEncoding = 4; lastKnownFileType = sourcecode.swift; path = MockDataStore.swift; sourceTree = "<group>"; };
		B5B9C85F572EB31A21282B63 /* MockFavoritable.swift */ = {isa = PBXFileReference; fileEncoding = 4; lastKnownFileType = sourcecode.swift; path = MockFavoritable.swift; sourceTree = "<group>"; };
		B5B9C8D6E0C3F238CFF8F365 /* main.swift */ = {isa = PBXFileReference; fileEncoding = 4; lastKnownFileType = sourcecode.swift; path = main.swift; sourceTree = "<group>"; };
		B5B9CA365527D35B55DD73CB /* OfferDetailViewSpec.swift */ = {isa = PBXFileReference; fileEncoding = 4; lastKnownFileType = sourcecode.swift; path = OfferDetailViewSpec.swift; sourceTree = "<group>"; };
		B5B9CB30F84B03939F327BC7 /* DataStore.swift */ = {isa = PBXFileReference; fileEncoding = 4; lastKnownFileType = sourcecode.swift; path = DataStore.swift; sourceTree = "<group>"; };
		B5B9CB52FB81BD72E3475184 /* OffersViewSpec.swift */ = {isa = PBXFileReference; fileEncoding = 4; lastKnownFileType = sourcecode.swift; path = OffersViewSpec.swift; sourceTree = "<group>"; };
		B5B9CB841C2AA8615CB16BFB /* MockMainCoordinator.swift */ = {isa = PBXFileReference; fileEncoding = 4; lastKnownFileType = sourcecode.swift; path = MockMainCoordinator.swift; sourceTree = "<group>"; };
		B5B9CBA6C790EDF169B09572 /* offers.json */ = {isa = PBXFileReference; fileEncoding = 4; lastKnownFileType = text.json; path = offers.json; sourceTree = "<group>"; };
		B5B9CC0B039DB1D28BC48C97 /* OffersService.swift */ = {isa = PBXFileReference; fileEncoding = 4; lastKnownFileType = sourcecode.swift; path = OffersService.swift; sourceTree = "<group>"; };
		B5B9CF4A1FCE6A9908EAC7FD /* OffersController.swift */ = {isa = PBXFileReference; fileEncoding = 4; lastKnownFileType = sourcecode.swift; path = OffersController.swift; sourceTree = "<group>"; };
		B5B9CFBECC9ACDDFB4538053 /* TestAppDelegate.swift */ = {isa = PBXFileReference; fileEncoding = 4; lastKnownFileType = sourcecode.swift; path = TestAppDelegate.swift; sourceTree = "<group>"; };
		B5B9CFF13CFC33E800BF1072 /* MockSelectableDelegate.swift */ = {isa = PBXFileReference; fileEncoding = 4; lastKnownFileType = sourcecode.swift; path = MockSelectableDelegate.swift; sourceTree = "<group>"; };
		F31196E22045CE9C00D9E2F9 /* Kingfisher.framework */ = {isa = PBXFileReference; lastKnownFileType = wrapper.framework; name = Kingfisher.framework; path = Carthage/Build/iOS/Kingfisher.framework; sourceTree = "<group>"; };
		F31BFF4B236EB209003A2AAE /* OfferDetailController.swift */ = {isa = PBXFileReference; fileEncoding = 4; lastKnownFileType = sourcecode.swift; name = OfferDetailController.swift; path = Offers/Controllers/OfferDetailController.swift; sourceTree = SOURCE_ROOT; };
		F31BFF50236EB277003A2AAE /* Fonts.swift */ = {isa = PBXFileReference; fileEncoding = 4; lastKnownFileType = sourcecode.swift; path = Fonts.swift; sourceTree = "<group>"; };
		F31BFF51236EB277003A2AAE /* Colors.swift */ = {isa = PBXFileReference; fileEncoding = 4; lastKnownFileType = sourcecode.swift; path = Colors.swift; sourceTree = "<group>"; };
		F31BFF52236EB277003A2AAE /* Images.swift */ = {isa = PBXFileReference; fileEncoding = 4; lastKnownFileType = sourcecode.swift; path = Images.swift; sourceTree = "<group>"; };
		F31BFF56236EB287003A2AAE /* OfferDetailTableViewCell.swift */ = {isa = PBXFileReference; fileEncoding = 4; lastKnownFileType = sourcecode.swift; name = OfferDetailTableViewCell.swift; path = Offers/Cells/OfferDetailTableViewCell.swift; sourceTree = SOURCE_ROOT; };
		F31BFF57236EB287003A2AAE /* OffersCollectionViewCell.swift */ = {isa = PBXFileReference; fileEncoding = 4; lastKnownFileType = sourcecode.swift; name = OffersCollectionViewCell.swift; path = Offers/Cells/OffersCollectionViewCell.swift; sourceTree = SOURCE_ROOT; };
		F31BFF58236EB287003A2AAE /* OfferDetailHeaderView.swift */ = {isa = PBXFileReference; fileEncoding = 4; lastKnownFileType = sourcecode.swift; name = OfferDetailHeaderView.swift; path = Offers/Cells/OfferDetailHeaderView.swift; sourceTree = SOURCE_ROOT; };
		F31BFF61236EB322003A2AAE /* OfferDetailView.swift */ = {isa = PBXFileReference; fileEncoding = 4; lastKnownFileType = sourcecode.swift; path = OfferDetailView.swift; sourceTree = "<group>"; };
		F31BFF62236EB322003A2AAE /* OffersView.swift */ = {isa = PBXFileReference; fileEncoding = 4; lastKnownFileType = sourcecode.swift; path = OffersView.swift; sourceTree = "<group>"; };
		F31BFF66236EB346003A2AAE /* Offer.swift */ = {isa = PBXFileReference; fileEncoding = 4; lastKnownFileType = sourcecode.swift; path = Offer.swift; sourceTree = "<group>"; };
		F31BFF69236EB363003A2AAE /* MainCoordinator.swift */ = {isa = PBXFileReference; fileEncoding = 4; lastKnownFileType = sourcecode.swift; path = MainCoordinator.swift; sourceTree = "<group>"; };
		F31BFF6A236EB363003A2AAE /* Coordinator.swift */ = {isa = PBXFileReference; fileEncoding = 4; lastKnownFileType = sourcecode.swift; path = Coordinator.swift; sourceTree = "<group>"; };
		F38458C120250143003C32FF /* Quick.framework */ = {isa = PBXFileReference; lastKnownFileType = wrapper.framework; name = Quick.framework; path = Carthage/Build/iOS/Quick.framework; sourceTree = "<group>"; };
		F39F3ABF2022E722004286C6 /* Offers.app */ = {isa = PBXFileReference; explicitFileType = wrapper.application; includeInIndex = 0; path = Offers.app; sourceTree = BUILT_PRODUCTS_DIR; };
		F39F3AC22022E722004286C6 /* AppDelegate.swift */ = {isa = PBXFileReference; lastKnownFileType = sourcecode.swift; path = AppDelegate.swift; sourceTree = "<group>"; };
		F39F3AC92022E722004286C6 /* Assets.xcassets */ = {isa = PBXFileReference; lastKnownFileType = folder.assetcatalog; path = Assets.xcassets; sourceTree = "<group>"; };
		F39F3ACC2022E722004286C6 /* Base */ = {isa = PBXFileReference; lastKnownFileType = file.storyboard; name = Base; path = Base.lproj/LaunchScreen.storyboard; sourceTree = "<group>"; };
		F39F3ACE2022E722004286C6 /* Info.plist */ = {isa = PBXFileReference; lastKnownFileType = text.plist.xml; path = Info.plist; sourceTree = "<group>"; };
		F39F3AD32022E722004286C6 /* OffersTests.xctest */ = {isa = PBXFileReference; explicitFileType = wrapper.cfbundle; includeInIndex = 0; path = OffersTests.xctest; sourceTree = BUILT_PRODUCTS_DIR; };
		F39F3AD92022E722004286C6 /* Info.plist */ = {isa = PBXFileReference; lastKnownFileType = text.plist.xml; path = Info.plist; sourceTree = "<group>"; };
		F39F3ADE2022E722004286C6 /* OffersUITests.xctest */ = {isa = PBXFileReference; explicitFileType = wrapper.cfbundle; includeInIndex = 0; path = OffersUITests.xctest; sourceTree = BUILT_PRODUCTS_DIR; };
		F39F3AE22022E722004286C6 /* OffersUITests.swift */ = {isa = PBXFileReference; lastKnownFileType = sourcecode.swift; path = OffersUITests.swift; sourceTree = "<group>"; };
		F39F3AE42022E722004286C6 /* Info.plist */ = {isa = PBXFileReference; lastKnownFileType = text.plist.xml; path = Info.plist; sourceTree = "<group>"; };
		F3EA06032024FCEC00D786CF /* Freddy.framework */ = {isa = PBXFileReference; lastKnownFileType = wrapper.framework; name = Freddy.framework; path = Carthage/Build/iOS/Freddy.framework; sourceTree = "<group>"; };
		F3EA06042024FCEC00D786CF /* SnapKit.framework */ = {isa = PBXFileReference; lastKnownFileType = wrapper.framework; name = SnapKit.framework; path = Carthage/Build/iOS/SnapKit.framework; sourceTree = "<group>"; };
/* End PBXFileReference section */

/* Begin PBXFrameworksBuildPhase section */
		F39F3ABC2022E722004286C6 /* Frameworks */ = {
			isa = PBXFrameworksBuildPhase;
			buildActionMask = 2147483647;
			files = (
				F31196E32045CE9C00D9E2F9 /* Kingfisher.framework in Frameworks */,
				F3EA06062024FCEC00D786CF /* SnapKit.framework in Frameworks */,
			);
			runOnlyForDeploymentPostprocessing = 0;
		};
		F39F3AD02022E722004286C6 /* Frameworks */ = {
			isa = PBXFrameworksBuildPhase;
			buildActionMask = 2147483647;
			files = (
				F38458C320250143003C32FF /* Quick.framework in Frameworks */,
			);
			runOnlyForDeploymentPostprocessing = 0;
		};
		F39F3ADB2022E722004286C6 /* Frameworks */ = {
			isa = PBXFrameworksBuildPhase;
			buildActionMask = 2147483647;
			files = (
			);
			runOnlyForDeploymentPostprocessing = 0;
		};
/* End PBXFrameworksBuildPhase section */

/* Begin PBXGroup section */
		B5B9C53AF2B5B324E79ED3A8 /* Views */ = {
			isa = PBXGroup;
			children = (
				B5B9C118FFF1DB7D2CE19436 /* OffersCollectionViewCell.swift */,
			);
			path = Views;
			sourceTree = "<group>";
		};
		B5B9C913ECEC7F83990EF570 /* Services */ = {
			isa = PBXGroup;
			children = (
				B5B9C6456907C2FE73F646F0 /* OffersServiceSpec.swift */,
			);
			path = Services;
			sourceTree = "<group>";
		};
		B5B9CB1DD1157C571834FD0C /* Services */ = {
			isa = PBXGroup;
			children = (
				B5B9CC0B039DB1D28BC48C97 /* OffersService.swift */,
				B5B9CB30F84B03939F327BC7 /* DataStore.swift */,
			);
			path = Services;
			sourceTree = "<group>";
		};
		B5B9CB2B981A329D7AE254C7 /* Coordinator */ = {
			isa = PBXGroup;
			children = (
				B5B9C52AE2C00DFE289CC8A9 /* CoordinatorSpec.swift */,
			);
			path = Coordinator;
			sourceTree = "<group>";
		};
		B5B9CD1E0A7AD1B80DC552A7 /* Controllers */ = {
			isa = PBXGroup;
			children = (
				B5B9C6F48FA216BDF9C1BF98 /* OfferDetailControllerSpec.swift */,
				B5B9C7968EF874B3C1B967D2 /* OffersControllerSpec.swift */,
			);
			path = Controllers;
			sourceTree = "<group>";
		};
		F31BFF4A236EB1DD003A2AAE /* Controllers */ = {
			isa = PBXGroup;
			children = (
				F31BFF4B236EB209003A2AAE /* OfferDetailController.swift */,
				B5B9CF4A1FCE6A9908EAC7FD /* OffersController.swift */,
			);
			path = Controllers;
			sourceTree = "<group>";
		};
		F31BFF4E236EB258003A2AAE /* Cells */ = {
			isa = PBXGroup;
			children = (
				F31BFF58236EB287003A2AAE /* OfferDetailHeaderView.swift */,
				F31BFF56236EB287003A2AAE /* OfferDetailTableViewCell.swift */,
				F31BFF57236EB287003A2AAE /* OffersCollectionViewCell.swift */,
			);
			path = Cells;
			sourceTree = "<group>";
		};
		F31BFF4F236EB25F003A2AAE /* Extensions */ = {
			isa = PBXGroup;
			children = (
				F31BFF51236EB277003A2AAE /* Colors.swift */,
				F31BFF50236EB277003A2AAE /* Fonts.swift */,
				F31BFF52236EB277003A2AAE /* Images.swift */,
			);
			path = Extensions;
			sourceTree = "<group>";
		};
		F31BFF60236EB311003A2AAE /* Views */ = {
			isa = PBXGroup;
			children = (
				F31BFF61236EB322003A2AAE /* OfferDetailView.swift */,
				F31BFF62236EB322003A2AAE /* OffersView.swift */,
			);
			path = Views;
			sourceTree = "<group>";
		};
		F31BFF65236EB339003A2AAE /* Core */ = {
			isa = PBXGroup;
			children = (
				F31BFF66236EB346003A2AAE /* Offer.swift */,
			);
			path = Core;
			sourceTree = "<group>";
		};
		F31BFF68236EB353003A2AAE /* Coordinator */ = {
			isa = PBXGroup;
			children = (
				F31BFF6A236EB363003A2AAE /* Coordinator.swift */,
				F31BFF69236EB363003A2AAE /* MainCoordinator.swift */,
			);
			path = Coordinator;
			sourceTree = "<group>";
		};
		F31BFF6D236EB3EB003A2AAE /* Mocks */ = {
			isa = PBXGroup;
			children = (
				B5B9C1C04236A6E926F001E3 /* MockOffersService.swift */,
				B5B9C85F572EB31A21282B63 /* MockFavoritable.swift */,
				B5B9C0D43BC78395E83FB886 /* MockNavigationController.swift */,
				B5B9C82D0C9487620D567A20 /* MockDataStore.swift */,
				B5B9CFF13CFC33E800BF1072 /* MockSelectableDelegate.swift */,
				B5B9CB841C2AA8615CB16BFB /* MockMainCoordinator.swift */,
			);
			path = Mocks;
			sourceTree = "<group>";
		};
		F31BFF6E236EB40A003A2AAE /* Views */ = {
			isa = PBXGroup;
			children = (
				B5B9CB52FB81BD72E3475184 /* OffersViewSpec.swift */,
				B5B9CA365527D35B55DD73CB /* OfferDetailViewSpec.swift */,
			);
			path = Views;
			sourceTree = "<group>";
		};
		F39F3AB62022E722004286C6 = {
			isa = PBXGroup;
			children = (
				F39F3AC12022E722004286C6 /* Offers */,
				F39F3AD62022E722004286C6 /* OffersTests */,
				F39F3AE12022E722004286C6 /* OffersUITests */,
				F39F3AC02022E722004286C6 /* Products */,
				F3EA06022024FCEC00D786CF /* Frameworks */,
			);
			sourceTree = "<group>";
		};
		F39F3AC02022E722004286C6 /* Products */ = {
			isa = PBXGroup;
			children = (
				F39F3ABF2022E722004286C6 /* Offers.app */,
				F39F3AD32022E722004286C6 /* OffersTests.xctest */,
				F39F3ADE2022E722004286C6 /* OffersUITests.xctest */,
			);
			name = Products;
			sourceTree = "<group>";
		};
		F39F3AC12022E722004286C6 /* Offers */ = {
			isa = PBXGroup;
			children = (
				F31BFF68236EB353003A2AAE /* Coordinator */,
				F31BFF65236EB339003A2AAE /* Core */,
				F31BFF60236EB311003A2AAE /* Views */,
				F31BFF4F236EB25F003A2AAE /* Extensions */,
				F31BFF4E236EB258003A2AAE /* Cells */,
				F31BFF4A236EB1DD003A2AAE /* Controllers */,
				F39F3AC22022E722004286C6 /* AppDelegate.swift */,
				F39F3AC92022E722004286C6 /* Assets.xcassets */,
				F39F3ACB2022E722004286C6 /* LaunchScreen.storyboard */,
				F39F3ACE2022E722004286C6 /* Info.plist */,
				B5B9CBA6C790EDF169B09572 /* offers.json */,
				B5B9CB1DD1157C571834FD0C /* Services */,
				B5B9C53AF2B5B324E79ED3A8 /* Views */,
				B5B9C8D6E0C3F238CFF8F365 /* main.swift */,
			);
			path = Offers;
			sourceTree = "<group>";
		};
		F39F3AD62022E722004286C6 /* OffersTests */ = {
			isa = PBXGroup;
			children = (
				F31BFF6E236EB40A003A2AAE /* Views */,
				F31BFF6D236EB3EB003A2AAE /* Mocks */,
				F39F3AD92022E722004286C6 /* Info.plist */,
				B5B9CD1E0A7AD1B80DC552A7 /* Controllers */,
				B5B9C913ECEC7F83990EF570 /* Services */,
				B5B9CB2B981A329D7AE254C7 /* Coordinator */,
				B5B9CFBECC9ACDDFB4538053 /* TestAppDelegate.swift */,
			);
			path = OffersTests;
			sourceTree = "<group>";
		};
		F39F3AE12022E722004286C6 /* OffersUITests */ = {
			isa = PBXGroup;
			children = (
				F39F3AE22022E722004286C6 /* OffersUITests.swift */,
				F39F3AE42022E722004286C6 /* Info.plist */,
			);
			path = OffersUITests;
			sourceTree = "<group>";
		};
		F3EA06022024FCEC00D786CF /* Frameworks */ = {
			isa = PBXGroup;
			children = (
				F31196E22045CE9C00D9E2F9 /* Kingfisher.framework */,
				F38458C120250143003C32FF /* Quick.framework */,
				F3EA06032024FCEC00D786CF /* Freddy.framework */,
				F3EA06042024FCEC00D786CF /* SnapKit.framework */,
			);
			name = Frameworks;
			sourceTree = "<group>";
		};
/* End PBXGroup section */

/* Begin PBXNativeTarget section */
		F39F3ABE2022E722004286C6 /* Offers */ = {
			isa = PBXNativeTarget;
			buildConfigurationList = F39F3AE72022E722004286C6 /* Build configuration list for PBXNativeTarget "Offers" */;
			buildPhases = (
				F39F3ABB2022E722004286C6 /* Sources */,
				F39F3ABC2022E722004286C6 /* Frameworks */,
				F39F3ABD2022E722004286C6 /* Resources */,
				F3EA06072024FCF300D786CF /* ShellScript */,
			);
			buildRules = (
			);
			dependencies = (
			);
			name = Offers;
			productName = Offers;
			productReference = F39F3ABF2022E722004286C6 /* Offers.app */;
			productType = "com.apple.product-type.application";
		};
		F39F3AD22022E722004286C6 /* OffersTests */ = {
			isa = PBXNativeTarget;
			buildConfigurationList = F39F3AEA2022E722004286C6 /* Build configuration list for PBXNativeTarget "OffersTests" */;
			buildPhases = (
				F39F3ACF2022E722004286C6 /* Sources */,
				F39F3AD02022E722004286C6 /* Frameworks */,
				F37173552022FD4200520A3C /* ShellScript */,
			);
			buildRules = (
			);
			dependencies = (
				F39F3AD52022E722004286C6 /* PBXTargetDependency */,
			);
			name = OffersTests;
			productName = OffersTests;
			productReference = F39F3AD32022E722004286C6 /* OffersTests.xctest */;
			productType = "com.apple.product-type.bundle.unit-test";
		};
		F39F3ADD2022E722004286C6 /* OffersUITests */ = {
			isa = PBXNativeTarget;
			buildConfigurationList = F39F3AED2022E722004286C6 /* Build configuration list for PBXNativeTarget "OffersUITests" */;
			buildPhases = (
				F39F3ADA2022E722004286C6 /* Sources */,
				F39F3ADB2022E722004286C6 /* Frameworks */,
				F39F3ADC2022E722004286C6 /* Resources */,
				F37173562022FD4F00520A3C /* ShellScript */,
			);
			buildRules = (
			);
			dependencies = (
				F39F3AE02022E722004286C6 /* PBXTargetDependency */,
			);
			name = OffersUITests;
			productName = OffersUITests;
			productReference = F39F3ADE2022E722004286C6 /* OffersUITests.xctest */;
			productType = "com.apple.product-type.bundle.ui-testing";
		};
/* End PBXNativeTarget section */

/* Begin PBXProject section */
		F39F3AB72022E722004286C6 /* Project object */ = {
			isa = PBXProject;
			attributes = {
				LastSwiftUpdateCheck = 0920;
				LastUpgradeCheck = 1110;
				ORGANIZATIONNAME = piofusco;
				TargetAttributes = {
					F39F3ABE2022E722004286C6 = {
						CreatedOnToolsVersion = 9.2;
						LastSwiftMigration = 1110;
						ProvisioningStyle = Manual;
					};
					F39F3AD22022E722004286C6 = {
						CreatedOnToolsVersion = 9.2;
						ProvisioningStyle = Automatic;
						TestTargetID = F39F3ABE2022E722004286C6;
					};
					F39F3ADD2022E722004286C6 = {
						CreatedOnToolsVersion = 9.2;
						LastSwiftMigration = 1110;
						ProvisioningStyle = Automatic;
						TestTargetID = F39F3ABE2022E722004286C6;
					};
				};
			};
			buildConfigurationList = F39F3ABA2022E722004286C6 /* Build configuration list for PBXProject "Offers" */;
			compatibilityVersion = "Xcode 8.0";
			developmentRegion = en;
			hasScannedForEncodings = 0;
			knownRegions = (
				en,
				Base,
			);
			mainGroup = F39F3AB62022E722004286C6;
			productRefGroup = F39F3AC02022E722004286C6 /* Products */;
			projectDirPath = "";
			projectRoot = "";
			targets = (
				F39F3ABE2022E722004286C6 /* Offers */,
				F39F3AD22022E722004286C6 /* OffersTests */,
				F39F3ADD2022E722004286C6 /* OffersUITests */,
			);
		};
/* End PBXProject section */

/* Begin PBXResourcesBuildPhase section */
		F39F3ABD2022E722004286C6 /* Resources */ = {
			isa = PBXResourcesBuildPhase;
			buildActionMask = 2147483647;
			files = (
				F39F3ACD2022E722004286C6 /* LaunchScreen.storyboard in Resources */,
				F39F3ACA2022E722004286C6 /* Assets.xcassets in Resources */,
				B5B9C2121E71C3A3233E49B0 /* offers.json in Resources */,
			);
			runOnlyForDeploymentPostprocessing = 0;
		};
		F39F3ADC2022E722004286C6 /* Resources */ = {
			isa = PBXResourcesBuildPhase;
			buildActionMask = 2147483647;
			files = (
			);
			runOnlyForDeploymentPostprocessing = 0;
		};
/* End PBXResourcesBuildPhase section */

/* Begin PBXShellScriptBuildPhase section */
		F37173552022FD4200520A3C /* ShellScript */ = {
			isa = PBXShellScriptBuildPhase;
			buildActionMask = 2147483647;
			files = (
			);
			inputPaths = (
				"$(SRCROOT)/Carthage/Build/iOS/Quick.framework",
			);
			outputPaths = (
			);
			runOnlyForDeploymentPostprocessing = 0;
			shellPath = /bin/sh;
			shellScript = "/usr/local/bin/carthage copy-frameworks\n";
		};
		F37173562022FD4F00520A3C /* ShellScript */ = {
			isa = PBXShellScriptBuildPhase;
			buildActionMask = 2147483647;
			files = (
			);
			inputPaths = (
			);
			outputPaths = (
			);
			runOnlyForDeploymentPostprocessing = 0;
			shellPath = /bin/sh;
			shellScript = "/usr/local/bin/carthage copy-frameworks";
		};
		F3EA06072024FCF300D786CF /* ShellScript */ = {
			isa = PBXShellScriptBuildPhase;
			buildActionMask = 2147483647;
			files = (
			);
			inputPaths = (
				"$(SRCROOT)/Carthage/Build/iOS/SnapKit.framework",
				"$(SRCROOT)/Carthage/Build/iOS/Kingfisher.framework",
			);
			outputPaths = (
			);
			runOnlyForDeploymentPostprocessing = 0;
			shellPath = /bin/sh;
			shellScript = "/usr/local/bin/carthage copy-frameworks\n";
		};
/* End PBXShellScriptBuildPhase section */

/* Begin PBXSourcesBuildPhase section */
		F39F3ABB2022E722004286C6 /* Sources */ = {
			isa = PBXSourcesBuildPhase;
			buildActionMask = 2147483647;
			files = (
				F31BFF6B236EB363003A2AAE /* MainCoordinator.swift in Sources */,
				F31BFF64236EB322003A2AAE /* OffersView.swift in Sources */,
				F31BFF59236EB287003A2AAE /* OfferDetailTableViewCell.swift in Sources */,
				F31BFF5B236EB287003A2AAE /* OfferDetailHeaderView.swift in Sources */,
				F31BFF53236EB277003A2AAE /* Fonts.swift in Sources */,
				F31BFF54236EB277003A2AAE /* Colors.swift in Sources */,
				F39F3AC32022E722004286C6 /* AppDelegate.swift in Sources */,
				F31BFF4C236EB209003A2AAE /* OfferDetailController.swift in Sources */,
				F31BFF6C236EB363003A2AAE /* Coordinator.swift in Sources */,
				F31BFF5A236EB287003A2AAE /* OffersCollectionViewCell.swift in Sources */,
				F31BFF67236EB346003A2AAE /* Offer.swift in Sources */,
				B5B9CC9F15685D7D05149310 /* OffersService.swift in Sources */,
				B5B9C42C60311A8AD8667FD0 /* DataStore.swift in Sources */,
				F31BFF55236EB277003A2AAE /* Images.swift in Sources */,
				B5B9C19C24C876F1B9B4DDF9 /* main.swift in Sources */,
				F31BFF63236EB322003A2AAE /* OfferDetailView.swift in Sources */,
				B5B9CA9C3CC6F5E89F866E73 /* OffersController.swift in Sources */,
			);
			runOnlyForDeploymentPostprocessing = 0;
		};
		F39F3ACF2022E722004286C6 /* Sources */ = {
			isa = PBXSourcesBuildPhase;
			buildActionMask = 2147483647;
			files = (
				B5B9CF490D357A336B5F6020 /* MockOffersService.swift in Sources */,
				B5B9CE1B24ED9B54DCCC06BA /* MockFavoritable.swift in Sources */,
				B5B9C7B767D2D072AD8A3458 /* OfferDetailControllerSpec.swift in Sources */,
				B5B9C09A213C237A1C8DE557 /* OffersControllerSpec.swift in Sources */,
				B5B9C2319CC0BE3434529F61 /* OffersServiceSpec.swift in Sources */,
				B5B9C2BA2F8FD4CC12C94AE0 /* CoordinatorSpec.swift in Sources */,
				B5B9CF747E23FC25FAD92657 /* MockNavigationController.swift in Sources */,
				B5B9C44AA0DA79EF1DC921AB /* MockDataStore.swift in Sources */,
				B5B9CDB2A73E1375EE65FA79 /* MockSelectableDelegate.swift in Sources */,
				B5B9CBBE80357D0FD460B800 /* OffersViewSpec.swift in Sources */,
				B5B9C8DB6D22EBFC5530F4CE /* MockMainCoordinator.swift in Sources */,
				B5B9C3241A9199F8B657515E /* OfferDetailViewSpec.swift in Sources */,
				B5B9CAA2647DD8FBBCF2BBBD /* TestAppDelegate.swift in Sources */,
			);
			runOnlyForDeploymentPostprocessing = 0;
		};
		F39F3ADA2022E722004286C6 /* Sources */ = {
			isa = PBXSourcesBuildPhase;
			buildActionMask = 2147483647;
			files = (
				F39F3AE32022E722004286C6 /* OffersUITests.swift in Sources */,
			);
			runOnlyForDeploymentPostprocessing = 0;
		};
/* End PBXSourcesBuildPhase section */

/* Begin PBXTargetDependency section */
		F39F3AD52022E722004286C6 /* PBXTargetDependency */ = {
			isa = PBXTargetDependency;
			target = F39F3ABE2022E722004286C6 /* Offers */;
			targetProxy = F39F3AD42022E722004286C6 /* PBXContainerItemProxy */;
		};
		F39F3AE02022E722004286C6 /* PBXTargetDependency */ = {
			isa = PBXTargetDependency;
			target = F39F3ABE2022E722004286C6 /* Offers */;
			targetProxy = F39F3ADF2022E722004286C6 /* PBXContainerItemProxy */;
		};
/* End PBXTargetDependency section */

/* Begin PBXVariantGroup section */
		F39F3ACB2022E722004286C6 /* LaunchScreen.storyboard */ = {
			isa = PBXVariantGroup;
			children = (
				F39F3ACC2022E722004286C6 /* Base */,
			);
			name = LaunchScreen.storyboard;
			sourceTree = "<group>";
		};
/* End PBXVariantGroup section */

/* Begin XCBuildConfiguration section */
		F39F3AE52022E722004286C6 /* Debug */ = {
			isa = XCBuildConfiguration;
			buildSettings = {
				ALWAYS_SEARCH_USER_PATHS = NO;
				CLANG_ANALYZER_NONNULL = YES;
				CLANG_ANALYZER_NUMBER_OBJECT_CONVERSION = YES_AGGRESSIVE;
				CLANG_CXX_LANGUAGE_STANDARD = "gnu++14";
				CLANG_CXX_LIBRARY = "libc++";
				CLANG_ENABLE_MODULES = YES;
				CLANG_ENABLE_OBJC_ARC = YES;
				CLANG_WARN_BLOCK_CAPTURE_AUTORELEASING = YES;
				CLANG_WARN_BOOL_CONVERSION = YES;
				CLANG_WARN_COMMA = YES;
				CLANG_WARN_CONSTANT_CONVERSION = YES;
				CLANG_WARN_DEPRECATED_OBJC_IMPLEMENTATIONS = YES;
				CLANG_WARN_DIRECT_OBJC_ISA_USAGE = YES_ERROR;
				CLANG_WARN_DOCUMENTATION_COMMENTS = YES;
				CLANG_WARN_EMPTY_BODY = YES;
				CLANG_WARN_ENUM_CONVERSION = YES;
				CLANG_WARN_INFINITE_RECURSION = YES;
				CLANG_WARN_INT_CONVERSION = YES;
				CLANG_WARN_NON_LITERAL_NULL_CONVERSION = YES;
				CLANG_WARN_OBJC_IMPLICIT_RETAIN_SELF = YES;
				CLANG_WARN_OBJC_LITERAL_CONVERSION = YES;
				CLANG_WARN_OBJC_ROOT_CLASS = YES_ERROR;
				CLANG_WARN_RANGE_LOOP_ANALYSIS = YES;
				CLANG_WARN_STRICT_PROTOTYPES = YES;
				CLANG_WARN_SUSPICIOUS_MOVE = YES;
				CLANG_WARN_UNGUARDED_AVAILABILITY = YES_AGGRESSIVE;
				CLANG_WARN_UNREACHABLE_CODE = YES;
				CLANG_WARN__DUPLICATE_METHOD_MATCH = YES;
				CODE_SIGN_IDENTITY = "iPhone Developer";
				COPY_PHASE_STRIP = NO;
				DEBUG_INFORMATION_FORMAT = dwarf;
				ENABLE_STRICT_OBJC_MSGSEND = YES;
				ENABLE_TESTABILITY = YES;
				GCC_C_LANGUAGE_STANDARD = gnu11;
				GCC_DYNAMIC_NO_PIC = NO;
				GCC_NO_COMMON_BLOCKS = YES;
				GCC_OPTIMIZATION_LEVEL = 0;
				GCC_PREPROCESSOR_DEFINITIONS = (
					"DEBUG=1",
					"$(inherited)",
				);
				GCC_WARN_64_TO_32_BIT_CONVERSION = YES;
				GCC_WARN_ABOUT_RETURN_TYPE = YES_ERROR;
				GCC_WARN_UNDECLARED_SELECTOR = YES;
				GCC_WARN_UNINITIALIZED_AUTOS = YES_AGGRESSIVE;
				GCC_WARN_UNUSED_FUNCTION = YES;
				GCC_WARN_UNUSED_VARIABLE = YES;
				IPHONEOS_DEPLOYMENT_TARGET = 11.2;
				MTL_ENABLE_DEBUG_INFO = YES;
				ONLY_ACTIVE_ARCH = YES;
				SDKROOT = iphoneos;
				SWIFT_ACTIVE_COMPILATION_CONDITIONS = DEBUG;
				SWIFT_OPTIMIZATION_LEVEL = "-Onone";
			};
			name = Debug;
		};
		F39F3AE62022E722004286C6 /* Release */ = {
			isa = XCBuildConfiguration;
			buildSettings = {
				ALWAYS_SEARCH_USER_PATHS = NO;
				CLANG_ANALYZER_NONNULL = YES;
				CLANG_ANALYZER_NUMBER_OBJECT_CONVERSION = YES_AGGRESSIVE;
				CLANG_CXX_LANGUAGE_STANDARD = "gnu++14";
				CLANG_CXX_LIBRARY = "libc++";
				CLANG_ENABLE_MODULES = YES;
				CLANG_ENABLE_OBJC_ARC = YES;
				CLANG_WARN_BLOCK_CAPTURE_AUTORELEASING = YES;
				CLANG_WARN_BOOL_CONVERSION = YES;
				CLANG_WARN_COMMA = YES;
				CLANG_WARN_CONSTANT_CONVERSION = YES;
				CLANG_WARN_DEPRECATED_OBJC_IMPLEMENTATIONS = YES;
				CLANG_WARN_DIRECT_OBJC_ISA_USAGE = YES_ERROR;
				CLANG_WARN_DOCUMENTATION_COMMENTS = YES;
				CLANG_WARN_EMPTY_BODY = YES;
				CLANG_WARN_ENUM_CONVERSION = YES;
				CLANG_WARN_INFINITE_RECURSION = YES;
				CLANG_WARN_INT_CONVERSION = YES;
				CLANG_WARN_NON_LITERAL_NULL_CONVERSION = YES;
				CLANG_WARN_OBJC_IMPLICIT_RETAIN_SELF = YES;
				CLANG_WARN_OBJC_LITERAL_CONVERSION = YES;
				CLANG_WARN_OBJC_ROOT_CLASS = YES_ERROR;
				CLANG_WARN_RANGE_LOOP_ANALYSIS = YES;
				CLANG_WARN_STRICT_PROTOTYPES = YES;
				CLANG_WARN_SUSPICIOUS_MOVE = YES;
				CLANG_WARN_UNGUARDED_AVAILABILITY = YES_AGGRESSIVE;
				CLANG_WARN_UNREACHABLE_CODE = YES;
				CLANG_WARN__DUPLICATE_METHOD_MATCH = YES;
				CODE_SIGN_IDENTITY = "iPhone Developer";
				COPY_PHASE_STRIP = NO;
				DEBUG_INFORMATION_FORMAT = "dwarf-with-dsym";
				ENABLE_NS_ASSERTIONS = NO;
				ENABLE_STRICT_OBJC_MSGSEND = YES;
				GCC_C_LANGUAGE_STANDARD = gnu11;
				GCC_NO_COMMON_BLOCKS = YES;
				GCC_WARN_64_TO_32_BIT_CONVERSION = YES;
				GCC_WARN_ABOUT_RETURN_TYPE = YES_ERROR;
				GCC_WARN_UNDECLARED_SELECTOR = YES;
				GCC_WARN_UNINITIALIZED_AUTOS = YES_AGGRESSIVE;
				GCC_WARN_UNUSED_FUNCTION = YES;
				GCC_WARN_UNUSED_VARIABLE = YES;
				IPHONEOS_DEPLOYMENT_TARGET = 11.2;
				MTL_ENABLE_DEBUG_INFO = NO;
				SDKROOT = iphoneos;
				SWIFT_OPTIMIZATION_LEVEL = "-Owholemodule";
				VALIDATE_PRODUCT = YES;
			};
			name = Release;
		};
		F39F3AE82022E722004286C6 /* Debug */ = {
			isa = XCBuildConfiguration;
			buildSettings = {
				ASSETCATALOG_COMPILER_APPICON_NAME = AppIcon;
				CODE_SIGN_IDENTITY = "iPhone Distribution";
				CODE_SIGN_STYLE = Manual;
				CURRENT_PROJECT_VERSION = 20;
				DEVELOPMENT_TEAM = A6K9P929M9;
				FRAMEWORK_SEARCH_PATHS = (
					"$(inherited)",
					"$(PROJECT_DIR)/Carthage/Build/iOS",
				);
				INFOPLIST_FILE = Offers/Info.plist;
				LD_RUNPATH_SEARCH_PATHS = "$(inherited) @executable_path/Frameworks";
				PRODUCT_BUNDLE_IDENTIFIER = io.piofusco.offers;
				PRODUCT_NAME = "$(TARGET_NAME)";
				PROVISIONING_PROFILE_SPECIFIER = "match AppStore io.piofusco.offers";
				SWIFT_VERSION = 5.0;
				TARGETED_DEVICE_FAMILY = 1;
				VERSIONING_SYSTEM = "apple-generic";
			};
			name = Debug;
		};
		F39F3AE92022E722004286C6 /* Release */ = {
			isa = XCBuildConfiguration;
			buildSettings = {
				ASSETCATALOG_COMPILER_APPICON_NAME = AppIcon;
				CODE_SIGN_IDENTITY = "iPhone Distribution";
				CODE_SIGN_STYLE = Manual;
				CURRENT_PROJECT_VERSION = 20;
				DEVELOPMENT_TEAM = A6K9P929M9;
				FRAMEWORK_SEARCH_PATHS = (
					"$(inherited)",
					"$(PROJECT_DIR)/Carthage/Build/iOS",
				);
				INFOPLIST_FILE = Offers/Info.plist;
				LD_RUNPATH_SEARCH_PATHS = "$(inherited) @executable_path/Frameworks";
				PRODUCT_BUNDLE_IDENTIFIER = io.piofusco.offers;
				PRODUCT_NAME = "$(TARGET_NAME)";
				PROVISIONING_PROFILE_SPECIFIER = "match AppStore io.piofusco.offers";
				SWIFT_VERSION = 5.0;
				TARGETED_DEVICE_FAMILY = 1;
				VERSIONING_SYSTEM = "apple-generic";
			};
			name = Release;
		};
		F39F3AEB2022E722004286C6 /* Debug */ = {
			isa = XCBuildConfiguration;
			buildSettings = {
				ALWAYS_EMBED_SWIFT_STANDARD_LIBRARIES = YES;
				BUNDLE_LOADER = "$(TEST_HOST)";
				CODE_SIGN_IDENTITY = "Apple Development";
				"CODE_SIGN_IDENTITY[sdk=macosx*]" = "Apple Development";
				CODE_SIGN_STYLE = Automatic;
				DEVELOPMENT_TEAM = A6K9P929M9;
				FRAMEWORK_SEARCH_PATHS = (
					"$(inherited)",
					"$(PROJECT_DIR)/Carthage/Build/iOS",
				);
				INFOPLIST_FILE = OffersTests/Info.plist;
				LD_RUNPATH_SEARCH_PATHS = "$(inherited) @executable_path/Frameworks @loader_path/Frameworks";
				PRODUCT_BUNDLE_IDENTIFIER = com.piofusco.offers.OffersTests;
				PRODUCT_NAME = "$(TARGET_NAME)";
				PROVISIONING_PROFILE_SPECIFIER = "";
				"PROVISIONING_PROFILE_SPECIFIER[sdk=macosx*]" = "";
				SWIFT_VERSION = 4.0;
				TARGETED_DEVICE_FAMILY = "1,2";
				TEST_HOST = "$(BUILT_PRODUCTS_DIR)/Offers.app/Offers";
			};
			name = Debug;
		};
		F39F3AEC2022E722004286C6 /* Release */ = {
			isa = XCBuildConfiguration;
			buildSettings = {
				ALWAYS_EMBED_SWIFT_STANDARD_LIBRARIES = YES;
				BUNDLE_LOADER = "$(TEST_HOST)";
				CODE_SIGN_IDENTITY = "Apple Development";
				"CODE_SIGN_IDENTITY[sdk=macosx*]" = "Apple Development";
				CODE_SIGN_STYLE = Automatic;
				DEVELOPMENT_TEAM = A6K9P929M9;
				FRAMEWORK_SEARCH_PATHS = (
					"$(inherited)",
					"$(PROJECT_DIR)/Carthage/Build/iOS",
				);
				INFOPLIST_FILE = OffersTests/Info.plist;
				LD_RUNPATH_SEARCH_PATHS = "$(inherited) @executable_path/Frameworks @loader_path/Frameworks";
				PRODUCT_BUNDLE_IDENTIFIER = com.piofusco.offers.OffersTests;
				PRODUCT_NAME = "$(TARGET_NAME)";
				PROVISIONING_PROFILE_SPECIFIER = "";
				"PROVISIONING_PROFILE_SPECIFIER[sdk=macosx*]" = "";
				SWIFT_VERSION = 4.0;
				TARGETED_DEVICE_FAMILY = "1,2";
				TEST_HOST = "$(BUILT_PRODUCTS_DIR)/Offers.app/Offers";
			};
			name = Release;
		};
		F39F3AEE2022E722004286C6 /* Debug */ = {
			isa = XCBuildConfiguration;
			buildSettings = {
				ALWAYS_EMBED_SWIFT_STANDARD_LIBRARIES = YES;
				CODE_SIGN_IDENTITY = "Apple Development";
				"CODE_SIGN_IDENTITY[sdk=macosx*]" = "Apple Development";
				CODE_SIGN_STYLE = Automatic;
				DEVELOPMENT_TEAM = A6K9P929M9;
				INFOPLIST_FILE = OffersUITests/Info.plist;
				LD_RUNPATH_SEARCH_PATHS = "$(inherited) @executable_path/Frameworks @loader_path/Frameworks";
				PRODUCT_BUNDLE_IDENTIFIER = com.piofusco.offers.OffersUITests;
				PRODUCT_NAME = "$(TARGET_NAME)";
				PROVISIONING_PROFILE_SPECIFIER = "";
				"PROVISIONING_PROFILE_SPECIFIER[sdk=macosx*]" = "";
				SWIFT_VERSION = 5.0;
				TARGETED_DEVICE_FAMILY = "1,2";
				TEST_TARGET_NAME = Offers;
			};
			name = Debug;
		};
		F39F3AEF2022E722004286C6 /* Release */ = {
			isa = XCBuildConfiguration;
			buildSettings = {
				ALWAYS_EMBED_SWIFT_STANDARD_LIBRARIES = YES;
				CODE_SIGN_IDENTITY = "Apple Development";
				"CODE_SIGN_IDENTITY[sdk=macosx*]" = "Apple Development";
				CODE_SIGN_STYLE = Automatic;
				DEVELOPMENT_TEAM = A6K9P929M9;
				INFOPLIST_FILE = OffersUITests/Info.plist;
				LD_RUNPATH_SEARCH_PATHS = "$(inherited) @executable_path/Frameworks @loader_path/Frameworks";
				PRODUCT_BUNDLE_IDENTIFIER = com.piofusco.offers.OffersUITests;
				PRODUCT_NAME = "$(TARGET_NAME)";
				PROVISIONING_PROFILE_SPECIFIER = "";
				"PROVISIONING_PROFILE_SPECIFIER[sdk=macosx*]" = "";
				SWIFT_VERSION = 5.0;
				TARGETED_DEVICE_FAMILY = "1,2";
				TEST_TARGET_NAME = Offers;
			};
			name = Release;
		};
/* End XCBuildConfiguration section */

/* Begin XCConfigurationList section */
		F39F3ABA2022E722004286C6 /* Build configuration list for PBXProject "Offers" */ = {
			isa = XCConfigurationList;
			buildConfigurations = (
				F39F3AE52022E722004286C6 /* Debug */,
				F39F3AE62022E722004286C6 /* Release */,
			);
			defaultConfigurationIsVisible = 0;
			defaultConfigurationName = Release;
		};
		F39F3AE72022E722004286C6 /* Build configuration list for PBXNativeTarget "Offers" */ = {
			isa = XCConfigurationList;
			buildConfigurations = (
				F39F3AE82022E722004286C6 /* Debug */,
				F39F3AE92022E722004286C6 /* Release */,
			);
			defaultConfigurationIsVisible = 0;
			defaultConfigurationName = Release;
		};
		F39F3AEA2022E722004286C6 /* Build configuration list for PBXNativeTarget "OffersTests" */ = {
			isa = XCConfigurationList;
			buildConfigurations = (
				F39F3AEB2022E722004286C6 /* Debug */,
				F39F3AEC2022E722004286C6 /* Release */,
			);
			defaultConfigurationIsVisible = 0;
			defaultConfigurationName = Release;
		};
		F39F3AED2022E722004286C6 /* Build configuration list for PBXNativeTarget "OffersUITests" */ = {
			isa = XCConfigurationList;
			buildConfigurations = (
				F39F3AEE2022E722004286C6 /* Debug */,
				F39F3AEF2022E722004286C6 /* Release */,
			);
			defaultConfigurationIsVisible = 0;
			defaultConfigurationName = Release;
		};
/* End XCConfigurationList section */
	};
	rootObject = F39F3AB72022E722004286C6 /* Project object */;
}
